<?xml version="1.0" encoding="utf-8"?>
<Project ToolsVersion="4.0" xmlns="http://schemas.microsoft.com/developer/msbuild/2003">
  <ItemGroup>
    <Filter Include="Source Files">
      <UniqueIdentifier>{4FC737F1-C7A5-4376-A066-2A32D752A2FF}</UniqueIdentifier>
      <Extensions>cpp;c;cc;cxx;c++;cppm;ixx;def;odl;idl;hpj;bat;asm;asmx</Extensions>
    </Filter>
    <Filter Include="Header Files">
      <UniqueIdentifier>{93995380-89BD-4b04-88EB-625FBE52EBFB}</UniqueIdentifier>
      <Extensions>h;hh;hpp;hxx;h++;hm;inl;inc;ipp;xsd</Extensions>
    </Filter>
    <Filter Include="Resource Files">
      <UniqueIdentifier>{67DA6AB6-F800-4c08-8B7A-83BB121AAD01}</UniqueIdentifier>
      <Extensions>rc;ico;cur;bmp;dlg;rc2;rct;bin;rgs;gif;jpg;jpeg;jpe;resx;tiff;tif;png;wav;mfcribbon-ms</Extensions>
    </Filter>
    <Filter Include="Source Files\Graphics">
      <UniqueIdentifier>{9ad7afe3-e7ac-44f1-9317-c31f4a75f8cb}</UniqueIdentifier>
    </Filter>
    <Filter Include="Source Files\Scene">
      <UniqueIdentifier>{58542a7b-a161-4895-b4eb-151be5aa1eb8}</UniqueIdentifier>
    </Filter>
    <Filter Include="Header Files\Graphics">
      <UniqueIdentifier>{8f398bd9-a712-4974-bc44-8ae668213c95}</UniqueIdentifier>
    </Filter>
    <Filter Include="Header Files\Scene">
      <UniqueIdentifier>{a9abc7d8-2bda-4c41-9c38-8e85b00f8b0d}</UniqueIdentifier>
    </Filter>
    <Filter Include="Header Files\Graphics\Buffers">
      <UniqueIdentifier>{ac14c28d-7481-4b15-bd62-e03cf0509005}</UniqueIdentifier>
    </Filter>
    <Filter Include="Source Files\Graphics\Buffers">
      <UniqueIdentifier>{aecfc317-963b-4c17-9d3e-b1c41fa6fcbf}</UniqueIdentifier>
    </Filter>
    <Filter Include="Source Files\Platform">
      <UniqueIdentifier>{7005271e-da9b-45c6-8da5-cef39012975a}</UniqueIdentifier>
    </Filter>
    <Filter Include="Header Files\Platform">
      <UniqueIdentifier>{d2c85cf1-38a9-4cb4-b23e-197c363136b3}</UniqueIdentifier>
    </Filter>
    <Filter Include="Resource Files\Shaders">
      <UniqueIdentifier>{1dfeae5d-88a3-44bc-a656-6466cc8e4589}</UniqueIdentifier>
    </Filter>
    <Filter Include="Precompiled Files">
      <UniqueIdentifier>{584764e5-827a-418e-bdec-ff21823f0542}</UniqueIdentifier>
    </Filter>
    <Filter Include="Header Files\Graphics\Interfaces">
      <UniqueIdentifier>{b7f17cca-b066-4ae4-98e5-4204224afb05}</UniqueIdentifier>
    </Filter>
  </ItemGroup>
  <ItemGroup>
    <ClCompile Include="src\Graphics\GraphicsDevice.cpp">
      <Filter>Source Files\Graphics</Filter>
    </ClCompile>
    <ClCompile Include="src\Graphics\Renderer.cpp">
      <Filter>Source Files\Graphics</Filter>
    </ClCompile>
    <ClCompile Include="src\Scene\Transform.cpp">
      <Filter>Source Files\Scene</Filter>
    </ClCompile>
    <ClCompile Include="src\Scene\Camera.cpp">
      <Filter>Source Files\Scene</Filter>
    </ClCompile>
    <ClCompile Include="src\pch.cpp">
      <Filter>Precompiled Files</Filter>
    </ClCompile>
    <ClCompile Include="src\Graphics\ConstantBuffer.cpp">
      <Filter>Source Files\Graphics\Buffers</Filter>
    </ClCompile>
    <ClCompile Include="src\Graphics\IndexBuffer.cpp">
      <Filter>Source Files\Graphics\Buffers</Filter>
    </ClCompile>
    <ClCompile Include="src\Graphics\VertexBuffer.cpp">
      <Filter>Source Files\Graphics\Buffers</Filter>
    </ClCompile>
    <ClCompile Include="src\Platform\Window.cpp">
      <Filter>Source Files\Platform</Filter>
    </ClCompile>
    <ClCompile Include="src\Platform\Timer.cpp">
      <Filter>Source Files\Platform</Filter>
    </ClCompile>
    <ClCompile Include="src\Platform\Input.cpp">
      <Filter>Source Files\Platform</Filter>
    </ClCompile>
    <ClCompile Include="src\Scene\Object.cpp">
      <Filter>Source Files\Scene</Filter>
    </ClCompile>
    <ClCompile Include="src\Scene\Scene.cpp">
      <Filter>Source Files\Scene</Filter>
    </ClCompile>
    <ClCompile Include="src\Application\Application.cpp">
      <Filter>Source Files</Filter>
    </ClCompile>
    <ClCompile Include="src\Main.cpp">
      <Filter>Source Files</Filter>
    </ClCompile>
    <ClCompile Include="src\Graphics\Shader.cpp">
      <Filter>Source Files\Graphics</Filter>
    </ClCompile>
  </ItemGroup>
  <ItemGroup>
    <ClInclude Include="src\pch.h">
      <Filter>Precompiled Files</Filter>
    </ClInclude>
    <ClInclude Include="src\Scene\Camera.hpp">
      <Filter>Header Files\Scene</Filter>
    </ClInclude>
    <ClInclude Include="src\Scene\Mesh.hpp">
      <Filter>Header Files\Scene</Filter>
    </ClInclude>
    <ClInclude Include="src\Scene\Transform.hpp">
      <Filter>Header Files\Scene</Filter>
    </ClInclude>
    <ClInclude Include="src\Graphics\GraphicsDevice.hpp">
      <Filter>Header Files\Graphics</Filter>
    </ClInclude>
    <ClInclude Include="src\Graphics\Renderer.hpp">
      <Filter>Header Files\Graphics</Filter>
    </ClInclude>
    <ClInclude Include="src\Graphics\Sampler.hpp">
      <Filter>Header Files\Graphics</Filter>
    </ClInclude>
    <ClInclude Include="src\Graphics\Texture.hpp">
      <Filter>Header Files\Graphics</Filter>
    </ClInclude>
    <ClInclude Include="src\Scene\Object.hpp">
      <Filter>Header Files\Scene</Filter>
    </ClInclude>
    <ClInclude Include="src\Scene\Scene.hpp">
      <Filter>Header Files\Scene</Filter>
    </ClInclude>
    <ClInclude Include="src\Scene\Material.hpp">
      <Filter>Header Files\Scene</Filter>
    </ClInclude>
    <ClInclude Include="src\Graphics\ConstantBuffer.hpp">
      <Filter>Header Files\Graphics\Buffers</Filter>
    </ClInclude>
    <ClInclude Include="src\Graphics\IndexBuffer.hpp">
      <Filter>Header Files\Graphics\Buffers</Filter>
    </ClInclude>
    <ClInclude Include="src\Graphics\VertexBuffer.hpp">
      <Filter>Header Files\Graphics\Buffers</Filter>
    </ClInclude>
    <ClInclude Include="src\Platform\Input.hpp">
      <Filter>Header Files\Platform</Filter>
    </ClInclude>
    <ClInclude Include="src\Platform\Timer.hpp">
      <Filter>Header Files\Platform</Filter>
    </ClInclude>
    <ClInclude Include="src\Platform\Window.hpp">
      <Filter>Header Files\Platform</Filter>
    </ClInclude>
    <ClInclude Include="src\Application\Application.hpp">
      <Filter>Header Files</Filter>
    </ClInclude>
    <ClInclude Include="src\Graphics\Shader.hpp">
      <Filter>Header Files\Graphics</Filter>
    </ClInclude>
    <ClInclude Include="src\Graphics\IBind.hpp">
      <Filter>Header Files\Graphics\Interfaces</Filter>
    </ClInclude>
  </ItemGroup>
  <ItemGroup>
    <FxCompile Include="src\Shaders\PixelShader.hlsl">
      <Filter>Resource Files\Shaders</Filter>
    </FxCompile>
    <FxCompile Include="src\Shaders\VertexShader.hlsl">
      <Filter>Resource Files\Shaders</Filter>
    </FxCompile>
  </ItemGroup>
  <ItemGroup>
    <None Include="README.md" />
  </ItemGroup>
  <ItemGroup>
    <Text Include="LICENSE.txt" />
  </ItemGroup>
  <ItemGroup>
    <Image Include="assets\2026-08-04.png">
      <Filter>Resource Files</Filter>
    </Image>
  </ItemGroup>
</Project>